
Microsoft Visual Studio Solution File, Format Version 12.00
# Visual Studio Version 16
VisualStudioVersion = 16.0.30517.126
MinimumVisualStudioVersion = 10.0.40219.1
Project("{9A19103F-16F7-4668-BE54-9A1E7A4F7556}") = "OnlineShop", "OnlineShop\OnlineShop.csproj", "{EBAF4D79-7E0F-4421-91C6-14A57B9E5554}"
EndProject
Global
	GlobalSection(SolutionConfigurationPlatforms) = preSolution
		Debug|Any CPU = Debug|Any CPU
		Release|Any CPU = Release|Any CPU
	EndGlobalSection
	GlobalSection(ProjectConfigurationPlatforms) = postSolution
		{EBAF4D79-7E0F-4421-91C6-14A57B9E5554}.Debug|Any CPU.ActiveCfg = Debug|Any CPU
		{EBAF4D79-7E0F-4421-91C6-14A57B9E5554}.Debug|Any CPU.Build.0 = Debug|Any CPU
		{EBAF4D79-7E0F-4421-91C6-14A57B9E5554}.Release|Any CPU.ActiveCfg = Release|Any CPU
		{EBAF4D79-7E0F-4421-91C6-14A57B9E5554}.Release|Any CPU.Build.0 = Release|Any CPU
	EndGlobalSection
	GlobalSection(SolutionProperties) = preSolution
		HideSolutionNode = FALSE
	EndGlobalSection
	GlobalSection(ExtensibilityGlobals) = postSolution
		SolutionGuid = {6B8BE7E6-4985-4986-8F42-5A6BA8164F3D}
	EndGlobalSection
EndGlobal
